{
  "version": 4,
  "terraform_version": "1.0.7",
  "serial": 2,
  "lineage": "9a08867c-bbdf-e6dd-9162-2b07eeff9728",
  "outputs": {
    "droplet_ip_address": {
      "value": "174.138.18.98",
      "type": "string"
    }
  },
  "resources": [
    {
      "mode": "data",
      "type": "digitalocean_ssh_key",
      "name": "my_sshkey",
      "provider": "provider[\"registry.terraform.io/digitalocean/digitalocean\"]",
      "instances": [
        {
          "schema_version": 0,
          "attributes": {
            "fingerprint": "e2:d6:60:b0:43:9b:49:5f:94:f7:6c:a2:65:73:60:bd",
            "id": 31405213,
            "name": "jien-docker2",
            "public_key": "ssh-rsa AAAAB3NzaC1yc2EAAAADAQABAAABAQDV0qpqr8PytWL3TcX3XmYaUAk5fP6xukPZvtp1nglK/FQaXaC6ctZQjjAeakMFBNPLXGUnJ1vtQb6HHZr7wuqiQ3kqP/uJXz5MNg/st+q98gu6qy8Nta/Yd5rhHUUTYkx5wLXUtRtE0Dy/lMoc3mUghWtZPf7NB9oSu+PaxiVJ9ug81VcpRVTcDABDFKZ3qT5zzPQ2bfHVILxPzOGNX5Jm1ZMYvqBKcgUMTrXehtxfNMICgMpmM0Oo/cmX6nItkg8DsoAxatiL3Apn++Rd0BV/dm2ISV5GRRPy5ZRrWNr6mIad6OHS8vb5bu1i5LXaln6RHZ8iz6nu96mgvI9aeF5H\n"
          },
          "sensitive_attributes": []
        }
      ]
    },
    {
      "mode": "managed",
      "type": "digitalocean_droplet",
      "name": "my-droplet",
      "provider": "provider[\"registry.terraform.io/digitalocean/digitalocean\"]",
      "instances": [
        {
          "schema_version": 1,
          "attributes": {
            "backups": false,
            "created_at": "2021-09-27T09:28:44Z",
            "disk": 25,
            "droplet_agent": null,
            "id": "266688434",
            "image": "ubuntu-20-04-x64",
            "ipv4_address": "174.138.18.98",
            "ipv4_address_private": "10.104.0.2",
            "ipv6": false,
            "ipv6_address": "",
            "locked": false,
            "memory": 1024,
            "monitoring": false,
            "name": "my-droplet",
            "price_hourly": 0.00744,
            "price_monthly": 5,
            "private_networking": true,
            "region": "sgp1",
            "resize_disk": true,
            "size": "s-1vcpu-1gb",
            "ssh_keys": [
              "31405213"
            ],
            "status": "active",
            "tags": null,
            "urn": "do:droplet:266688434",
            "user_data": null,
            "vcpus": 1,
            "volume_ids": [],
            "vpc_uuid": "17b7fcbd-ac3c-46dd-8daa-12e213ca18c1"
          },
          "sensitive_attributes": [],
          "private": "eyJzY2hlbWFfdmVyc2lvbiI6IjEifQ==",
          "dependencies": [
            "data.digitalocean_ssh_key.my_sshkey"
          ]
        }
      ]
    }
  ]
}
